// !$*UTF8*$!
{
	archiveVersion = 1;
	classes = {
	};
	objectVersion = 46;
	objects = {

/* Begin PBXBuildFile section */
		3BBC888016B2F07C00CFE9D4 /* UIKit.framework in Frameworks */ = {isa = PBXBuildFile; fileRef = 3BBC887F16B2F07C00CFE9D4 /* UIKit.framework */; };
		3BBC888216B2F07C00CFE9D4 /* Foundation.framework in Frameworks */ = {isa = PBXBuildFile; fileRef = 3BBC888116B2F07C00CFE9D4 /* Foundation.framework */; };
		3BBC888416B2F07C00CFE9D4 /* CoreGraphics.framework in Frameworks */ = {isa = PBXBuildFile; fileRef = 3BBC888316B2F07C00CFE9D4 /* CoreGraphics.framework */; };
		3BBC888A16B2F07C00CFE9D4 /* InfoPlist.strings in Resources */ = {isa = PBXBuildFile; fileRef = 3BBC888816B2F07C00CFE9D4 /* InfoPlist.strings */; };
		3BBC888C16B2F07C00CFE9D4 /* main.m in Sources */ = {isa = PBXBuildFile; fileRef = 3BBC888B16B2F07C00CFE9D4 /* main.m */; };
		3BBC889016B2F07C00CFE9D4 /* IXAppDelegate.m in Sources */ = {isa = PBXBuildFile; fileRef = 3BBC888F16B2F07C00CFE9D4 /* IXAppDelegate.m */; };
		3BBC889216B2F07C00CFE9D4 /* Default.png in Resources */ = {isa = PBXBuildFile; fileRef = 3BBC889116B2F07C00CFE9D4 /* Default.png */; };
		3BBC889416B2F07C00CFE9D4 /* Default@2x.png in Resources */ = {isa = PBXBuildFile; fileRef = 3BBC889316B2F07C00CFE9D4 /* Default@2x.png */; };
		3BBC889616B2F07C00CFE9D4 /* Default-568h@2x.png in Resources */ = {isa = PBXBuildFile; fileRef = 3BBC889516B2F07C00CFE9D4 /* Default-568h@2x.png */; };
		3BBC889916B2F07C00CFE9D4 /* IXViewController.m in Sources */ = {isa = PBXBuildFile; fileRef = 3BBC889816B2F07C00CFE9D4 /* IXViewController.m */; };
		3BBC889C16B2F07C00CFE9D4 /* IXViewController.xib in Resources */ = {isa = PBXBuildFile; fileRef = 3BBC889A16B2F07C00CFE9D4 /* IXViewController.xib */; };
/* End PBXBuildFile section */

/* Begin PBXFileReference section */
		3BBC887B16B2F07C00CFE9D4 /* XWing.app */ = {isa = PBXFileReference; explicitFileType = wrapper.application; includeInIndex = 0; path = XWing.app; sourceTree = BUILT_PRODUCTS_DIR; };
		3BBC887F16B2F07C00CFE9D4 /* UIKit.framework */ = {isa = PBXFileReference; lastKnownFileType = wrapper.framework; name = UIKit.framework; path = System/Library/Frameworks/UIKit.framework; sourceTree = SDKROOT; };
		3BBC888116B2F07C00CFE9D4 /* Foundation.framework */ = {isa = PBXFileReference; lastKnownFileType = wrapper.framework; name = Foundation.framework; path = System/Library/Frameworks/Foundation.framework; sourceTree = SDKROOT; };
		3BBC888316B2F07C00CFE9D4 /* CoreGraphics.framework */ = {isa = PBXFileReference; lastKnownFileType = wrapper.framework; name = CoreGraphics.framework; path = System/Library/Frameworks/CoreGraphics.framework; sourceTree = SDKROOT; };
		3BBC888716B2F07C00CFE9D4 /* XWing-Info.plist */ = {isa = PBXFileReference; lastKnownFileType = text.plist.xml; path = "XWing-Info.plist"; sourceTree = "<group>"; };
		3BBC888916B2F07C00CFE9D4 /* en */ = {isa = PBXFileReference; lastKnownFileType = text.plist.strings; name = en; path = en.lproj/InfoPlist.strings; sourceTree = "<group>"; };
		3BBC888B16B2F07C00CFE9D4 /* main.m */ = {isa = PBXFileReference; lastKnownFileType = sourcecode.c.objc; path = main.m; sourceTree = "<group>"; };
		3BBC888D16B2F07C00CFE9D4 /* XWing-Prefix.pch */ = {isa = PBXFileReference; lastKnownFileType = sourcecode.c.h; path = "XWing-Prefix.pch"; sourceTree = "<group>"; };
		3BBC888E16B2F07C00CFE9D4 /* IXAppDelegate.h */ = {isa = PBXFileReference; lastKnownFileType = sourcecode.c.h; path = IXAppDelegate.h; sourceTree = "<group>"; };
		3BBC888F16B2F07C00CFE9D4 /* IXAppDelegate.m */ = {isa = PBXFileReference; lastKnownFileType = sourcecode.c.objc; path = IXAppDelegate.m; sourceTree = "<group>"; };
		3BBC889116B2F07C00CFE9D4 /* Default.png */ = {isa = PBXFileReference; lastKnownFileType = image.png; path = Default.png; sourceTree = "<group>"; };
		3BBC889316B2F07C00CFE9D4 /* Default@2x.png */ = {isa = PBXFileReference; lastKnownFileType = image.png; path = "Default@2x.png"; sourceTree = "<group>"; };
		3BBC889516B2F07C00CFE9D4 /* Default-568h@2x.png */ = {isa = PBXFileReference; lastKnownFileType = image.png; path = "Default-568h@2x.png"; sourceTree = "<group>"; };
		3BBC889716B2F07C00CFE9D4 /* IXViewController.h */ = {isa = PBXFileReference; lastKnownFileType = sourcecode.c.h; path = IXViewController.h; sourceTree = "<group>"; };
		3BBC889816B2F07C00CFE9D4 /* IXViewController.m */ = {isa = PBXFileReference; lastKnownFileType = sourcecode.c.objc; path = IXViewController.m; sourceTree = "<group>"; };
		3BBC889B16B2F07C00CFE9D4 /* en */ = {isa = PBXFileReference; lastKnownFileType = file.xib; name = en; path = en.lproj/IXViewController.xib; sourceTree = "<group>"; };
/* End PBXFileReference section */

/* Begin PBXFrameworksBuildPhase section */
		3BBC887816B2F07C00CFE9D4 /* Frameworks */ = {
			isa = PBXFrameworksBuildPhase;
			buildActionMask = 2147483647;
			files = (
				3BBC888016B2F07C00CFE9D4 /* UIKit.framework in Frameworks */,
				3BBC888216B2F07C00CFE9D4 /* Foundation.framework in Frameworks */,
				3BBC888416B2F07C00CFE9D4 /* CoreGraphics.framework in Frameworks */,
			);
			runOnlyForDeploymentPostprocessing = 0;
		};
/* End PBXFrameworksBuildPhase section */

/* Begin PBXGroup section */
		3BBC887016B2F07C00CFE9D4 = {
			isa = PBXGroup;
			children = (
				3BBC888516B2F07C00CFE9D4 /* XWing */,
				3BBC887E16B2F07C00CFE9D4 /* Frameworks */,
				3BBC887C16B2F07C00CFE9D4 /* Products */,
			);
			sourceTree = "<group>";
		};
		3BBC887C16B2F07C00CFE9D4 /* Products */ = {
			isa = PBXGroup;
			children = (
				3BBC887B16B2F07C00CFE9D4 /* XWing.app */,
			);
			name = Products;
			sourceTree = "<group>";
		};
		3BBC887E16B2F07C00CFE9D4 /* Frameworks */ = {
			isa = PBXGroup;
			children = (
				3BBC887F16B2F07C00CFE9D4 /* UIKit.framework */,
				3BBC888116B2F07C00CFE9D4 /* Foundation.framework */,
				3BBC888316B2F07C00CFE9D4 /* CoreGraphics.framework */,
			);
			name = Frameworks;
			sourceTree = "<group>";
		};
		3BBC888516B2F07C00CFE9D4 /* XWing */ = {
			isa = PBXGroup;
			children = (
				3BBC888E16B2F07C00CFE9D4 /* IXAppDelegate.h */,
				3BBC888F16B2F07C00CFE9D4 /* IXAppDelegate.m */,
				3BBC889716B2F07C00CFE9D4 /* IXViewController.h */,
				3BBC889816B2F07C00CFE9D4 /* IXViewController.m */,
				3BBC889A16B2F07C00CFE9D4 /* IXViewController.xib */,
				3BBC888616B2F07C00CFE9D4 /* Supporting Files */,
			);
			path = XWing;
			sourceTree = "<group>";
		};
		3BBC888616B2F07C00CFE9D4 /* Supporting Files */ = {
			isa = PBXGroup;
			children = (
				3BBC888716B2F07C00CFE9D4 /* XWing-Info.plist */,
				3BBC888816B2F07C00CFE9D4 /* InfoPlist.strings */,
				3BBC888B16B2F07C00CFE9D4 /* main.m */,
				3BBC888D16B2F07C00CFE9D4 /* XWing-Prefix.pch */,
				3BBC889116B2F07C00CFE9D4 /* Default.png */,
				3BBC889316B2F07C00CFE9D4 /* Default@2x.png */,
				3BBC889516B2F07C00CFE9D4 /* Default-568h@2x.png */,
			);
			name = "Supporting Files";
			sourceTree = "<group>";
		};
/* End PBXGroup section */

/* Begin PBXNativeTarget section */
		3BBC887A16B2F07C00CFE9D4 /* XWing */ = {
			isa = PBXNativeTarget;
			buildConfigurationList = 3BBC889F16B2F07C00CFE9D4 /* Build configuration list for PBXNativeTarget "XWing" */;
			buildPhases = (
				3BBC887716B2F07C00CFE9D4 /* Sources */,
				3BBC887816B2F07C00CFE9D4 /* Frameworks */,
				3BBC887916B2F07C00CFE9D4 /* Resources */,
			);
			buildRules = (
			);
			dependencies = (
			);
			name = XWing;
			productName = XWing;
			productReference = 3BBC887B16B2F07C00CFE9D4 /* XWing.app */;
			productType = "com.apple.product-type.application";
		};
/* End PBXNativeTarget section */

/* Begin PBXProject section */
		3BBC887216B2F07C00CFE9D4 /* Project object */ = {
			isa = PBXProject;
			attributes = {
				CLASSPREFIX = IX;
				LastUpgradeCheck = 0450;
				ORGANIZATIONNAME = ixavy;
			};
			buildConfigurationList = 3BBC887516B2F07C00CFE9D4 /* Build configuration list for PBXProject "XWing" */;
			compatibilityVersion = "Xcode 3.2";
			developmentRegion = English;
			hasScannedForEncodings = 0;
			knownRegions = (
				en,
			);
			mainGroup = 3BBC887016B2F07C00CFE9D4;
			productRefGroup = 3BBC887C16B2F07C00CFE9D4 /* Products */;
			projectDirPath = "";
			projectRoot = "";
			targets = (
				3BBC887A16B2F07C00CFE9D4 /* XWing */,
			);
		};
/* End PBXProject section */

/* Begin PBXResourcesBuildPhase section */
		3BBC887916B2F07C00CFE9D4 /* Resources */ = {
			isa = PBXResourcesBuildPhase;
			buildActionMask = 2147483647;
			files = (
				3BBC888A16B2F07C00CFE9D4 /* InfoPlist.strings in Resources */,
				3BBC889216B2F07C00CFE9D4 /* Default.png in Resources */,
				3BBC889416B2F07C00CFE9D4 /* Default@2x.png in Resources */,
				3BBC889616B2F07C00CFE9D4 /* Default-568h@2x.png in Resources */,
				3BBC889C16B2F07C00CFE9D4 /* IXViewController.xib in Resources */,
			);
			runOnlyForDeploymentPostprocessing = 0;
		};
/* End PBXResourcesBuildPhase section */

/* Begin PBXSourcesBuildPhase section */
		3BBC887716B2F07C00CFE9D4 /* Sources */ = {
			isa = PBXSourcesBuildPhase;
			buildActionMask = 2147483647;
			files = (
				3BBC888C16B2F07C00CFE9D4 /* main.m in Sources */,
				3BBC889016B2F07C00CFE9D4 /* IXAppDelegate.m in Sources */,
				3BBC889916B2F07C00CFE9D4 /* IXViewController.m in Sources */,
			);
			runOnlyForDeploymentPostprocessing = 0;
		};
/* End PBXSourcesBuildPhase section */

/* Begin PBXVariantGroup section */
		3BBC888816B2F07C00CFE9D4 /* InfoPlist.strings */ = {
			isa = PBXVariantGroup;
			children = (
				3BBC888916B2F07C00CFE9D4 /* en */,
			);
			name = InfoPlist.strings;
			sourceTree = "<group>";
		};
		3BBC889A16B2F07C00CFE9D4 /* IXViewController.xib */ = {
			isa = PBXVariantGroup;
			children = (
				3BBC889B16B2F07C00CFE9D4 /* en */,
			);
			name = IXViewController.xib;
			sourceTree = "<group>";
		};
/* End PBXVariantGroup section */

/* Begin XCBuildConfiguration section */
		3BBC889D16B2F07C00CFE9D4 /* Debug */ = {
			isa = XCBuildConfiguration;
			buildSettings = {
				ALWAYS_SEARCH_USER_PATHS = NO;
				CLANG_CXX_LANGUAGE_STANDARD = "gnu++0x";
				CLANG_CXX_LIBRARY = "libc++";
				CLANG_ENABLE_OBJC_ARC = YES;
				CLANG_WARN_EMPTY_BODY = YES;
				CLANG_WARN__DUPLICATE_METHOD_MATCH = YES;
				"CODE_SIGN_IDENTITY[sdk=iphoneos*]" = "iPhone Developer";
				COPY_PHASE_STRIP = NO;
				GCC_C_LANGUAGE_STANDARD = gnu99;
				GCC_DYNAMIC_NO_PIC = NO;
				GCC_OPTIMIZATION_LEVEL = 0;
				GCC_PREPROCESSOR_DEFINITIONS = (
					"DEBUG=1",
					"$(inherited)",
				);
				GCC_SYMBOLS_PRIVATE_EXTERN = NO;
				GCC_WARN_ABOUT_RETURN_TYPE = YES;
				GCC_WARN_UNINITIALIZED_AUTOS = YES;
				GCC_WARN_UNUSED_VARIABLE = YES;
				IPHONEOS_DEPLOYMENT_TARGET = 6.0;
				ONLY_ACTIVE_ARCH = YES;
				SDKROOT = iphoneos;
			};
			name = Debug;
		};
		3BBC889E16B2F07C00CFE9D4 /* Release */ = {
			isa = XCBuildConfiguration;
			buildSettings = {
				ALWAYS_SEARCH_USER_PATHS = NO;
				CLANG_CXX_LANGUAGE_STANDARD = "gnu++0x";
				CLANG_CXX_LIBRARY = "libc++";
				CLANG_ENABLE_OBJC_ARC = YES;
				CLANG_WARN_EMPTY_BODY = YES;
				CLANG_WARN__DUPLICATE_METHOD_MATCH = YES;
				"CODE_SIGN_IDENTITY[sdk=iphoneos*]" = "iPhone Developer";
				COPY_PHASE_STRIP = YES;
				GCC_C_LANGUAGE_STANDARD = gnu99;
				GCC_WARN_ABOUT_RETURN_TYPE = YES;
				GCC_WARN_UNINITIALIZED_AUTOS = YES;
				GCC_WARN_UNUSED_VARIABLE = YES;
				IPHONEOS_DEPLOYMENT_TARGET = 6.0;
				OTHER_CFLAGS = "-DNS_BLOCK_ASSERTIONS=1";
				SDKROOT = iphoneos;
				VALIDATE_PRODUCT = YES;
			};
			name = Release;
		};
		3BBC88A016B2F07C00CFE9D4 /* Debug */ = {
			isa = XCBuildConfiguration;
			buildSettings = {
				GCC_PRECOMPILE_PREFIX_HEADER = YES;
				GCC_PREFIX_HEADER = "XWing/XWing-Prefix.pch";
				INFOPLIST_FILE = "XWing/XWing-Info.plist";
				PRODUCT_NAME = "$(TARGET_NAME)";
				WRAPPER_EXTENSION = app;
			};
			name = Debug;
		};
		3BBC88A116B2F07C00CFE9D4 /* Release */ = {
			isa = XCBuildConfiguration;
			buildSettings = {
				GCC_PRECOMPILE_PREFIX_HEADER = YES;
				GCC_PREFIX_HEADER = "XWing/XWing-Prefix.pch";
				INFOPLIST_FILE = "XWing/XWing-Info.plist";
				PRODUCT_NAME = "$(TARGET_NAME)";
				WRAPPER_EXTENSION = app;
			};
			name = Release;
		};
/* End XCBuildConfiguration section */

/* Begin XCConfigurationList section */
		3BBC887516B2F07C00CFE9D4 /* Build configuration list for PBXProject "XWing" */ = {
			isa = XCConfigurationList;
			buildConfigurations = (
				3BBC889D16B2F07C00CFE9D4 /* Debug */,
				3BBC889E16B2F07C00CFE9D4 /* Release */,
			);
			defaultConfigurationIsVisible = 0;
			defaultConfigurationName = Release;
		};
		3BBC889F16B2F07C00CFE9D4 /* Build configuration list for PBXNativeTarget "XWing" */ = {
			isa = XCConfigurationList;
			buildConfigurations = (
				3BBC88A016B2F07C00CFE9D4 /* Debug */,
				3BBC88A116B2F07C00CFE9D4 /* Release */,
			);
			defaultConfigurationIsVisible = 0;
		};
/* End XCConfigurationList section */
	};
	rootObject = 3BBC887216B2F07C00CFE9D4 /* Project object */;
}
